
Microsoft Visual Studio Solution File, Format Version 12.00
Project("{FAE04EC0-301F-11D3-BF4B-00C04F79EFBC}") = "ShapeArea", "ShapeArea\ShapeArea.csproj", "{06006435-BF35-4904-97E5-B1B860E30949}"
EndProject
Project("{FAE04EC0-301F-11D3-BF4B-00C04F79EFBC}") = "ShapeAreaTests", "ShapeAreaTests\ShapeAreaTests.csproj", "{9B4DEA1B-DA31-4883-A66F-43906DE94385}"
EndProject
Global
	GlobalSection(SolutionConfigurationPlatforms) = preSolution
		Debug|Any CPU = Debug|Any CPU
		Release|Any CPU = Release|Any CPU
	EndGlobalSection
	GlobalSection(ProjectConfigurationPlatforms) = postSolution
		{06006435-BF35-4904-97E5-B1B860E30949}.Debug|Any CPU.ActiveCfg = Debug|Any CPU
		{06006435-BF35-4904-97E5-B1B860E30949}.Debug|Any CPU.Build.0 = Debug|Any CPU
		{06006435-BF35-4904-97E5-B1B860E30949}.Release|Any CPU.ActiveCfg = Release|Any CPU
		{06006435-BF35-4904-97E5-B1B860E30949}.Release|Any CPU.Build.0 = Release|Any CPU
		{9B4DEA1B-DA31-4883-A66F-43906DE94385}.Debug|Any CPU.ActiveCfg = Debug|Any CPU
		{9B4DEA1B-DA31-4883-A66F-43906DE94385}.Debug|Any CPU.Build.0 = Debug|Any CPU
		{9B4DEA1B-DA31-4883-A66F-43906DE94385}.Release|Any CPU.ActiveCfg = Release|Any CPU
		{9B4DEA1B-DA31-4883-A66F-43906DE94385}.Release|Any CPU.Build.0 = Release|Any CPU
	EndGlobalSection
EndGlobal
